
Microsoft Visual Studio Solution File, Format Version 12.00
# Visual Studio Version 17
VisualStudioVersion = 17.4.33103.184
MinimumVisualStudioVersion = 10.0.40219.1
Project("{FAE04EC0-301F-11D3-BF4B-00C04F79EFBC}") = "CadwiseTextTool", "CadwiseTextTool\CadwiseTextTool.csproj", "{194861DC-E400-4D06-92DE-D5266B5E7DCD}"
EndProject
Global
	GlobalSection(SolutionConfigurationPlatforms) = preSolution
		Debug|Any CPU = Debug|Any CPU
		Release|Any CPU = Release|Any CPU
	EndGlobalSection
	GlobalSection(ProjectConfigurationPlatforms) = postSolution
		{194861DC-E400-4D06-92DE-D5266B5E7DCD}.Debug|Any CPU.ActiveCfg = Debug|Any CPU
		{194861DC-E400-4D06-92DE-D5266B5E7DCD}.Debug|Any CPU.Build.0 = Debug|Any CPU
		{194861DC-E400-4D06-92DE-D5266B5E7DCD}.Release|Any CPU.ActiveCfg = Release|Any CPU
		{194861DC-E400-4D06-92DE-D5266B5E7DCD}.Release|Any CPU.Build.0 = Release|Any CPU
	EndGlobalSection
	GlobalSection(SolutionProperties) = preSolution
		HideSolutionNode = FALSE
	EndGlobalSection
	GlobalSection(ExtensibilityGlobals) = postSolution
		SolutionGuid = {39F58807-32B0-494A-9465-9220A158B8E4}
	EndGlobalSection
EndGlobal
